// !$*UTF8*$!
{
	archiveVersion = 1;
	classes = {
	};
	objectVersion = 46;
	objects = {

/* Begin PBXBuildFile section */
		3E0B9437151C61710086E62B /* ItemView.m in Sources */ = {isa = PBXBuildFile; fileRef = 3E0B9436151C61710086E62B /* ItemView.m */; };
		3E6E96EA1511D28100626416 /* Game.m in Sources */ = {isa = PBXBuildFile; fileRef = 3E6E96E91511D28100626416 /* Game.m */; };
		3E6E96EE1511D96D00626416 /* Player.m in Sources */ = {isa = PBXBuildFile; fileRef = 3E6E96ED1511D96D00626416 /* Player.m */; };
		3E6E96F11511DDC100626416 /* PlayerCountViewController.m in Sources */ = {isa = PBXBuildFile; fileRef = 3E6E96F01511DDC100626416 /* PlayerCountViewController.m */; };
		3E6E96F41511DED000626416 /* UIView+Utilities.m in Sources */ = {isa = PBXBuildFile; fileRef = 3E6E96F31511DED000626416 /* UIView+Utilities.m */; };
		3E7593C4151147FA00C5F6E6 /* UIKit.framework in Frameworks */ = {isa = PBXBuildFile; fileRef = 3E7593C3151147FA00C5F6E6 /* UIKit.framework */; };
		3E7593C6151147FA00C5F6E6 /* Foundation.framework in Frameworks */ = {isa = PBXBuildFile; fileRef = 3E7593C5151147FA00C5F6E6 /* Foundation.framework */; };
		3E7593CE151147FA00C5F6E6 /* InfoPlist.strings in Resources */ = {isa = PBXBuildFile; fileRef = 3E7593CC151147FA00C5F6E6 /* InfoPlist.strings */; };
		3E7593D0151147FA00C5F6E6 /* main.m in Sources */ = {isa = PBXBuildFile; fileRef = 3E7593CF151147FA00C5F6E6 /* main.m */; };
		3E7593D4151147FA00C5F6E6 /* AppDelegate.m in Sources */ = {isa = PBXBuildFile; fileRef = 3E7593D3151147FA00C5F6E6 /* AppDelegate.m */; };
		3E7593DC151147FA00C5F6E6 /* SenTestingKit.framework in Frameworks */ = {isa = PBXBuildFile; fileRef = 3E7593DB151147FA00C5F6E6 /* SenTestingKit.framework */; };
		3E7593DD151147FA00C5F6E6 /* UIKit.framework in Frameworks */ = {isa = PBXBuildFile; fileRef = 3E7593C3151147FA00C5F6E6 /* UIKit.framework */; };
		3E7593DE151147FA00C5F6E6 /* Foundation.framework in Frameworks */ = {isa = PBXBuildFile; fileRef = 3E7593C5151147FA00C5F6E6 /* Foundation.framework */; };
		3E7593E6151147FB00C5F6E6 /* InfoPlist.strings in Resources */ = {isa = PBXBuildFile; fileRef = 3E7593E4151147FB00C5F6E6 /* InfoPlist.strings */; };
		3E7593E9151147FB00C5F6E6 /* castleTests.m in Sources */ = {isa = PBXBuildFile; fileRef = 3E7593E8151147FB00C5F6E6 /* castleTests.m */; };
		3E75940015114D6B00C5F6E6 /* ava.jpg in Resources */ = {isa = PBXBuildFile; fileRef = 3E7593F415114D6B00C5F6E6 /* ava.jpg */; };
		3E75940115114D6B00C5F6E6 /* brother.jpg in Resources */ = {isa = PBXBuildFile; fileRef = 3E7593F515114D6B00C5F6E6 /* brother.jpg */; };
		3E75940215114D6B00C5F6E6 /* dimitri.jpg in Resources */ = {isa = PBXBuildFile; fileRef = 3E7593F615114D6B00C5F6E6 /* dimitri.jpg */; };
		3E75940315114D6B00C5F6E6 /* juan.jpg in Resources */ = {isa = PBXBuildFile; fileRef = 3E7593F715114D6B00C5F6E6 /* juan.jpg */; };
		3E75940415114D6B00C5F6E6 /* marie.jpg in Resources */ = {isa = PBXBuildFile; fileRef = 3E7593F815114D6B00C5F6E6 /* marie.jpg */; };
		3E75940515114D6B00C5F6E6 /* michel.jpg in Resources */ = {isa = PBXBuildFile; fileRef = 3E7593F915114D6B00C5F6E6 /* michel.jpg */; };
		3E75940615114D6B00C5F6E6 /* romana.jpg in Resources */ = {isa = PBXBuildFile; fileRef = 3E7593FA15114D6B00C5F6E6 /* romana.jpg */; };
		3E75940715114D6B00C5F6E6 /* sarah.jpg in Resources */ = {isa = PBXBuildFile; fileRef = 3E7593FB15114D6B00C5F6E6 /* sarah.jpg */; };
		3E75940815114D6B00C5F6E6 /* sir.jpg in Resources */ = {isa = PBXBuildFile; fileRef = 3E7593FC15114D6B00C5F6E6 /* sir.jpg */; };
		3E75940915114D6B00C5F6E6 /* theodora.jpg in Resources */ = {isa = PBXBuildFile; fileRef = 3E7593FD15114D6B00C5F6E6 /* theodora.jpg */; };
		3E75940A15114D6B00C5F6E6 /* shield.png in Resources */ = {isa = PBXBuildFile; fileRef = 3E7593FE15114D6B00C5F6E6 /* shield.png */; };
		3E75940B15114D6B00C5F6E6 /* sword.png in Resources */ = {isa = PBXBuildFile; fileRef = 3E7593FF15114D6B00C5F6E6 /* sword.png */; };
		3E75941015114D7000C5F6E6 /* characters.json in Resources */ = {isa = PBXBuildFile; fileRef = 3E75940D15114D7000C5F6E6 /* characters.json */; };
		3E75941115114D7000C5F6E6 /* items.json in Resources */ = {isa = PBXBuildFile; fileRef = 3E75940E15114D7000C5F6E6 /* items.json */; };
		3E75941215114D7000C5F6E6 /* professions.json in Resources */ = {isa = PBXBuildFile; fileRef = 3E75940F15114D7000C5F6E6 /* professions.json */; };
		3E75941B15114E2100C5F6E6 /* DeckViewController.m in Sources */ = {isa = PBXBuildFile; fileRef = 3E75941A15114E2100C5F6E6 /* DeckViewController.m */; };
		3E75941E15114EDA00C5F6E6 /* Deck.m in Sources */ = {isa = PBXBuildFile; fileRef = 3E75941D15114EDA00C5F6E6 /* Deck.m */; };
		3E759421151151CA00C5F6E6 /* ItemDeck.m in Sources */ = {isa = PBXBuildFile; fileRef = 3E759420151151CA00C5F6E6 /* ItemDeck.m */; };
		3E7594281511555400C5F6E6 /* CHANGELOG.md in Resources */ = {isa = PBXBuildFile; fileRef = 3E7594241511555400C5F6E6 /* CHANGELOG.md */; };
		3E7594291511555400C5F6E6 /* JSONKit.m in Sources */ = {isa = PBXBuildFile; fileRef = 3E7594261511555400C5F6E6 /* JSONKit.m */; settings = {COMPILER_FLAGS = "-fno-objc-arc"; }; };
		3E75942A1511555400C5F6E6 /* README.md in Resources */ = {isa = PBXBuildFile; fileRef = 3E7594271511555400C5F6E6 /* README.md */; };
		3EBB28411511E79F000236C3 /* CharacterPickerViewController.m in Sources */ = {isa = PBXBuildFile; fileRef = 3EBB28401511E79F000236C3 /* CharacterPickerViewController.m */; };
		3EBB28461511ED68000236C3 /* iCarousel.m in Sources */ = {isa = PBXBuildFile; fileRef = 3EBB28451511ED68000236C3 /* iCarousel.m */; };
		3EBB28491511EDED000236C3 /* QuartzCore.framework in Frameworks */ = {isa = PBXBuildFile; fileRef = 3EBB28471511EDDB000236C3 /* QuartzCore.framework */; };
		3EBB284A1511EE15000236C3 /* CoreGraphics.framework in Frameworks */ = {isa = PBXBuildFile; fileRef = 3E7593C7151147FA00C5F6E6 /* CoreGraphics.framework */; };
		3ECEDF2E1512A9E900EC30E8 /* NSMutableArray+Shuffle.m in Sources */ = {isa = PBXBuildFile; fileRef = 3ECEDF2D1512A9E900EC30E8 /* NSMutableArray+Shuffle.m */; };
		3EEF1A5A151C470D006E1D8F /* ProfessionDeck.m in Sources */ = {isa = PBXBuildFile; fileRef = 3EEF1A59151C470D006E1D8F /* ProfessionDeck.m */; };
		3EEF1A5E151C4F1B006E1D8F /* TurnViewController.m in Sources */ = {isa = PBXBuildFile; fileRef = 3EEF1A5D151C4F1B006E1D8F /* TurnViewController.m */; };
/* End PBXBuildFile section */

/* Begin PBXContainerItemProxy section */
		3E7593DF151147FA00C5F6E6 /* PBXContainerItemProxy */ = {
			isa = PBXContainerItemProxy;
			containerPortal = 3E7593B6151147FA00C5F6E6 /* Project object */;
			proxyType = 1;
			remoteGlobalIDString = 3E7593BE151147FA00C5F6E6;
			remoteInfo = castle;
		};
/* End PBXContainerItemProxy section */

/* Begin PBXFileReference section */
		3E0B9435151C61710086E62B /* ItemView.h */ = {isa = PBXFileReference; fileEncoding = 4; lastKnownFileType = sourcecode.c.h; path = ItemView.h; sourceTree = "<group>"; };
		3E0B9436151C61710086E62B /* ItemView.m */ = {isa = PBXFileReference; fileEncoding = 4; lastKnownFileType = sourcecode.c.objc; path = ItemView.m; sourceTree = "<group>"; };
		3E6E96E81511D28100626416 /* Game.h */ = {isa = PBXFileReference; fileEncoding = 4; lastKnownFileType = sourcecode.c.h; path = Game.h; sourceTree = "<group>"; };
		3E6E96E91511D28100626416 /* Game.m */ = {isa = PBXFileReference; fileEncoding = 4; lastKnownFileType = sourcecode.c.objc; path = Game.m; sourceTree = "<group>"; };
		3E6E96EC1511D96D00626416 /* Player.h */ = {isa = PBXFileReference; fileEncoding = 4; lastKnownFileType = sourcecode.c.h; path = Player.h; sourceTree = "<group>"; };
		3E6E96ED1511D96D00626416 /* Player.m */ = {isa = PBXFileReference; fileEncoding = 4; lastKnownFileType = sourcecode.c.objc; path = Player.m; sourceTree = "<group>"; };
		3E6E96EF1511DDC100626416 /* PlayerCountViewController.h */ = {isa = PBXFileReference; fileEncoding = 4; lastKnownFileType = sourcecode.c.h; path = PlayerCountViewController.h; sourceTree = "<group>"; };
		3E6E96F01511DDC100626416 /* PlayerCountViewController.m */ = {isa = PBXFileReference; fileEncoding = 4; lastKnownFileType = sourcecode.c.objc; path = PlayerCountViewController.m; sourceTree = "<group>"; };
		3E6E96F21511DED000626416 /* UIView+Utilities.h */ = {isa = PBXFileReference; fileEncoding = 4; lastKnownFileType = sourcecode.c.h; path = "UIView+Utilities.h"; sourceTree = "<group>"; };
		3E6E96F31511DED000626416 /* UIView+Utilities.m */ = {isa = PBXFileReference; fileEncoding = 4; lastKnownFileType = sourcecode.c.objc; path = "UIView+Utilities.m"; sourceTree = "<group>"; };
		3E7593BF151147FA00C5F6E6 /* castle.app */ = {isa = PBXFileReference; explicitFileType = wrapper.application; includeInIndex = 0; path = castle.app; sourceTree = BUILT_PRODUCTS_DIR; };
		3E7593C3151147FA00C5F6E6 /* UIKit.framework */ = {isa = PBXFileReference; lastKnownFileType = wrapper.framework; name = UIKit.framework; path = System/Library/Frameworks/UIKit.framework; sourceTree = SDKROOT; };
		3E7593C5151147FA00C5F6E6 /* Foundation.framework */ = {isa = PBXFileReference; lastKnownFileType = wrapper.framework; name = Foundation.framework; path = System/Library/Frameworks/Foundation.framework; sourceTree = SDKROOT; };
		3E7593C7151147FA00C5F6E6 /* CoreGraphics.framework */ = {isa = PBXFileReference; lastKnownFileType = wrapper.framework; name = CoreGraphics.framework; path = System/Library/Frameworks/CoreGraphics.framework; sourceTree = SDKROOT; };
		3E7593CB151147FA00C5F6E6 /* castle-Info.plist */ = {isa = PBXFileReference; lastKnownFileType = text.plist.xml; path = "castle-Info.plist"; sourceTree = "<group>"; };
		3E7593CD151147FA00C5F6E6 /* en */ = {isa = PBXFileReference; lastKnownFileType = text.plist.strings; name = en; path = en.lproj/InfoPlist.strings; sourceTree = "<group>"; };
		3E7593CF151147FA00C5F6E6 /* main.m */ = {isa = PBXFileReference; lastKnownFileType = sourcecode.c.objc; path = main.m; sourceTree = "<group>"; };
		3E7593D1151147FA00C5F6E6 /* castle-Prefix.pch */ = {isa = PBXFileReference; lastKnownFileType = sourcecode.c.h; path = "castle-Prefix.pch"; sourceTree = "<group>"; };
		3E7593D2151147FA00C5F6E6 /* AppDelegate.h */ = {isa = PBXFileReference; lastKnownFileType = sourcecode.c.h; path = AppDelegate.h; sourceTree = "<group>"; };
		3E7593D3151147FA00C5F6E6 /* AppDelegate.m */ = {isa = PBXFileReference; lastKnownFileType = sourcecode.c.objc; path = AppDelegate.m; sourceTree = "<group>"; };
		3E7593DA151147FA00C5F6E6 /* castleTests.octest */ = {isa = PBXFileReference; explicitFileType = wrapper.cfbundle; includeInIndex = 0; path = castleTests.octest; sourceTree = BUILT_PRODUCTS_DIR; };
		3E7593DB151147FA00C5F6E6 /* SenTestingKit.framework */ = {isa = PBXFileReference; lastKnownFileType = wrapper.framework; name = SenTestingKit.framework; path = Library/Frameworks/SenTestingKit.framework; sourceTree = DEVELOPER_DIR; };
		3E7593E3151147FB00C5F6E6 /* castleTests-Info.plist */ = {isa = PBXFileReference; lastKnownFileType = text.plist.xml; path = "castleTests-Info.plist"; sourceTree = "<group>"; };
		3E7593E5151147FB00C5F6E6 /* en */ = {isa = PBXFileReference; lastKnownFileType = text.plist.strings; name = en; path = en.lproj/InfoPlist.strings; sourceTree = "<group>"; };
		3E7593E7151147FB00C5F6E6 /* castleTests.h */ = {isa = PBXFileReference; lastKnownFileType = sourcecode.c.h; path = castleTests.h; sourceTree = "<group>"; };
		3E7593E8151147FB00C5F6E6 /* castleTests.m */ = {isa = PBXFileReference; lastKnownFileType = sourcecode.c.objc; path = castleTests.m; sourceTree = "<group>"; };
		3E7593F415114D6B00C5F6E6 /* ava.jpg */ = {isa = PBXFileReference; lastKnownFileType = image.jpeg; path = ava.jpg; sourceTree = "<group>"; };
		3E7593F515114D6B00C5F6E6 /* brother.jpg */ = {isa = PBXFileReference; lastKnownFileType = image.jpeg; path = brother.jpg; sourceTree = "<group>"; };
		3E7593F615114D6B00C5F6E6 /* dimitri.jpg */ = {isa = PBXFileReference; lastKnownFileType = image.jpeg; path = dimitri.jpg; sourceTree = "<group>"; };
		3E7593F715114D6B00C5F6E6 /* juan.jpg */ = {isa = PBXFileReference; lastKnownFileType = image.jpeg; path = juan.jpg; sourceTree = "<group>"; };
		3E7593F815114D6B00C5F6E6 /* marie.jpg */ = {isa = PBXFileReference; lastKnownFileType = image.jpeg; path = marie.jpg; sourceTree = "<group>"; };
		3E7593F915114D6B00C5F6E6 /* michel.jpg */ = {isa = PBXFileReference; lastKnownFileType = image.jpeg; path = michel.jpg; sourceTree = "<group>"; };
		3E7593FA15114D6B00C5F6E6 /* romana.jpg */ = {isa = PBXFileReference; lastKnownFileType = image.jpeg; path = romana.jpg; sourceTree = "<group>"; };
		3E7593FB15114D6B00C5F6E6 /* sarah.jpg */ = {isa = PBXFileReference; lastKnownFileType = image.jpeg; path = sarah.jpg; sourceTree = "<group>"; };
		3E7593FC15114D6B00C5F6E6 /* sir.jpg */ = {isa = PBXFileReference; lastKnownFileType = image.jpeg; path = sir.jpg; sourceTree = "<group>"; };
		3E7593FD15114D6B00C5F6E6 /* theodora.jpg */ = {isa = PBXFileReference; lastKnownFileType = image.jpeg; path = theodora.jpg; sourceTree = "<group>"; };
		3E7593FE15114D6B00C5F6E6 /* shield.png */ = {isa = PBXFileReference; lastKnownFileType = image.png; path = shield.png; sourceTree = "<group>"; };
		3E7593FF15114D6B00C5F6E6 /* sword.png */ = {isa = PBXFileReference; lastKnownFileType = image.png; path = sword.png; sourceTree = "<group>"; };
		3E75940D15114D7000C5F6E6 /* characters.json */ = {isa = PBXFileReference; fileEncoding = 4; lastKnownFileType = text.json; path = characters.json; sourceTree = "<group>"; };
		3E75940E15114D7000C5F6E6 /* items.json */ = {isa = PBXFileReference; fileEncoding = 4; lastKnownFileType = text.json; path = items.json; sourceTree = "<group>"; };
		3E75940F15114D7000C5F6E6 /* professions.json */ = {isa = PBXFileReference; fileEncoding = 4; lastKnownFileType = text.json; path = professions.json; sourceTree = "<group>"; };
		3E75941915114E2100C5F6E6 /* DeckViewController.h */ = {isa = PBXFileReference; fileEncoding = 4; lastKnownFileType = sourcecode.c.h; path = DeckViewController.h; sourceTree = "<group>"; };
		3E75941A15114E2100C5F6E6 /* DeckViewController.m */ = {isa = PBXFileReference; fileEncoding = 4; lastKnownFileType = sourcecode.c.objc; path = DeckViewController.m; sourceTree = "<group>"; };
		3E75941C15114EDA00C5F6E6 /* Deck.h */ = {isa = PBXFileReference; fileEncoding = 4; lastKnownFileType = sourcecode.c.h; path = Deck.h; sourceTree = "<group>"; };
		3E75941D15114EDA00C5F6E6 /* Deck.m */ = {isa = PBXFileReference; fileEncoding = 4; lastKnownFileType = sourcecode.c.objc; path = Deck.m; sourceTree = "<group>"; };
		3E75941F151151CA00C5F6E6 /* ItemDeck.h */ = {isa = PBXFileReference; fileEncoding = 4; lastKnownFileType = sourcecode.c.h; path = ItemDeck.h; sourceTree = "<group>"; };
		3E759420151151CA00C5F6E6 /* ItemDeck.m */ = {isa = PBXFileReference; fileEncoding = 4; lastKnownFileType = sourcecode.c.objc; path = ItemDeck.m; sourceTree = "<group>"; };
		3E7594241511555400C5F6E6 /* CHANGELOG.md */ = {isa = PBXFileReference; fileEncoding = 4; lastKnownFileType = text; path = CHANGELOG.md; sourceTree = "<group>"; };
		3E7594251511555400C5F6E6 /* JSONKit.h */ = {isa = PBXFileReference; fileEncoding = 4; lastKnownFileType = sourcecode.c.h; path = JSONKit.h; sourceTree = "<group>"; };
		3E7594261511555400C5F6E6 /* JSONKit.m */ = {isa = PBXFileReference; fileEncoding = 4; lastKnownFileType = sourcecode.c.objc; path = JSONKit.m; sourceTree = "<group>"; };
		3E7594271511555400C5F6E6 /* README.md */ = {isa = PBXFileReference; fileEncoding = 4; lastKnownFileType = text; path = README.md; sourceTree = "<group>"; };
		3EBB283F1511E79F000236C3 /* CharacterPickerViewController.h */ = {isa = PBXFileReference; fileEncoding = 4; lastKnownFileType = sourcecode.c.h; path = CharacterPickerViewController.h; sourceTree = "<group>"; };
		3EBB28401511E79F000236C3 /* CharacterPickerViewController.m */ = {isa = PBXFileReference; fileEncoding = 4; lastKnownFileType = sourcecode.c.objc; path = CharacterPickerViewController.m; sourceTree = "<group>"; };
		3EBB28441511ED68000236C3 /* iCarousel.h */ = {isa = PBXFileReference; fileEncoding = 4; lastKnownFileType = sourcecode.c.h; path = iCarousel.h; sourceTree = "<group>"; };
		3EBB28451511ED68000236C3 /* iCarousel.m */ = {isa = PBXFileReference; fileEncoding = 4; lastKnownFileType = sourcecode.c.objc; path = iCarousel.m; sourceTree = "<group>"; };
		3EBB28471511EDDB000236C3 /* QuartzCore.framework */ = {isa = PBXFileReference; lastKnownFileType = wrapper.framework; name = QuartzCore.framework; path = System/Library/Frameworks/QuartzCore.framework; sourceTree = SDKROOT; };
		3ECEDF2C1512A9E900EC30E8 /* NSMutableArray+Shuffle.h */ = {isa = PBXFileReference; fileEncoding = 4; lastKnownFileType = sourcecode.c.h; path = "NSMutableArray+Shuffle.h"; sourceTree = "<group>"; };
		3ECEDF2D1512A9E900EC30E8 /* NSMutableArray+Shuffle.m */ = {isa = PBXFileReference; fileEncoding = 4; lastKnownFileType = sourcecode.c.objc; path = "NSMutableArray+Shuffle.m"; sourceTree = "<group>"; };
		3EEF1A58151C470D006E1D8F /* ProfessionDeck.h */ = {isa = PBXFileReference; fileEncoding = 4; lastKnownFileType = sourcecode.c.h; name = ProfessionDeck.h; path = castle/ProfessionDeck.h; sourceTree = SOURCE_ROOT; };
		3EEF1A59151C470D006E1D8F /* ProfessionDeck.m */ = {isa = PBXFileReference; fileEncoding = 4; lastKnownFileType = sourcecode.c.objc; name = ProfessionDeck.m; path = castle/ProfessionDeck.m; sourceTree = SOURCE_ROOT; };
		3EEF1A5C151C4F1A006E1D8F /* TurnViewController.h */ = {isa = PBXFileReference; fileEncoding = 4; lastKnownFileType = sourcecode.c.h; path = TurnViewController.h; sourceTree = "<group>"; };
		3EEF1A5D151C4F1B006E1D8F /* TurnViewController.m */ = {isa = PBXFileReference; fileEncoding = 4; lastKnownFileType = sourcecode.c.objc; path = TurnViewController.m; sourceTree = "<group>"; };
/* End PBXFileReference section */

/* Begin PBXFrameworksBuildPhase section */
		3E7593BC151147FA00C5F6E6 /* Frameworks */ = {
			isa = PBXFrameworksBuildPhase;
			buildActionMask = 2147483647;
			files = (
				3EBB284A1511EE15000236C3 /* CoreGraphics.framework in Frameworks */,
				3EBB28491511EDED000236C3 /* QuartzCore.framework in Frameworks */,
				3E7593C4151147FA00C5F6E6 /* UIKit.framework in Frameworks */,
				3E7593C6151147FA00C5F6E6 /* Foundation.framework in Frameworks */,
			);
			runOnlyForDeploymentPostprocessing = 0;
		};
		3E7593D6151147FA00C5F6E6 /* Frameworks */ = {
			isa = PBXFrameworksBuildPhase;
			buildActionMask = 2147483647;
			files = (
				3E7593DC151147FA00C5F6E6 /* SenTestingKit.framework in Frameworks */,
				3E7593DD151147FA00C5F6E6 /* UIKit.framework in Frameworks */,
				3E7593DE151147FA00C5F6E6 /* Foundation.framework in Frameworks */,
			);
			runOnlyForDeploymentPostprocessing = 0;
		};
/* End PBXFrameworksBuildPhase section */

/* Begin PBXGroup section */
		3E7593B4151147FA00C5F6E6 = {
			isa = PBXGroup;
			children = (
				3E7594221511554E00C5F6E6 /* external */,
				3E75940C15114D7000C5F6E6 /* text */,
				3E7593F215114D6B00C5F6E6 /* resources */,
				3E7593C9151147FA00C5F6E6 /* castle */,
				3E7593E1151147FA00C5F6E6 /* castleTests */,
				3E7593C2151147FA00C5F6E6 /* Frameworks */,
				3E7593C0151147FA00C5F6E6 /* Products */,
			);
			sourceTree = "<group>";
		};
		3E7593C0151147FA00C5F6E6 /* Products */ = {
			isa = PBXGroup;
			children = (
				3E7593BF151147FA00C5F6E6 /* castle.app */,
				3E7593DA151147FA00C5F6E6 /* castleTests.octest */,
			);
			name = Products;
			sourceTree = "<group>";
		};
		3E7593C2151147FA00C5F6E6 /* Frameworks */ = {
			isa = PBXGroup;
			children = (
				3EBB28471511EDDB000236C3 /* QuartzCore.framework */,
				3E7593C3151147FA00C5F6E6 /* UIKit.framework */,
				3E7593C5151147FA00C5F6E6 /* Foundation.framework */,
				3E7593C7151147FA00C5F6E6 /* CoreGraphics.framework */,
				3E7593DB151147FA00C5F6E6 /* SenTestingKit.framework */,
			);
			name = Frameworks;
			sourceTree = "<group>";
		};
		3E7593C9151147FA00C5F6E6 /* castle */ = {
			isa = PBXGroup;
			children = (
				3E0B9435151C61710086E62B /* ItemView.h */,
				3E0B9436151C61710086E62B /* ItemView.m */,
				3EEF1A5C151C4F1A006E1D8F /* TurnViewController.h */,
				3EEF1A5D151C4F1B006E1D8F /* TurnViewController.m */,
				3EEF1A58151C470D006E1D8F /* ProfessionDeck.h */,
				3EEF1A59151C470D006E1D8F /* ProfessionDeck.m */,
				3E75941915114E2100C5F6E6 /* DeckViewController.h */,
				3E75941A15114E2100C5F6E6 /* DeckViewController.m */,
				3E75941C15114EDA00C5F6E6 /* Deck.h */,
				3E75941D15114EDA00C5F6E6 /* Deck.m */,
				3ECEDF2C1512A9E900EC30E8 /* NSMutableArray+Shuffle.h */,
				3ECEDF2D1512A9E900EC30E8 /* NSMutableArray+Shuffle.m */,
				3E75941F151151CA00C5F6E6 /* ItemDeck.h */,
				3E759420151151CA00C5F6E6 /* ItemDeck.m */,
				3E7593D2151147FA00C5F6E6 /* AppDelegate.h */,
				3E7593D3151147FA00C5F6E6 /* AppDelegate.m */,
				3E6E96EF1511DDC100626416 /* PlayerCountViewController.h */,
				3E6E96F01511DDC100626416 /* PlayerCountViewController.m */,
				3EBB283F1511E79F000236C3 /* CharacterPickerViewController.h */,
				3EBB28401511E79F000236C3 /* CharacterPickerViewController.m */,
				3E6E96F21511DED000626416 /* UIView+Utilities.h */,
				3E6E96F31511DED000626416 /* UIView+Utilities.m */,
				3E6E96E81511D28100626416 /* Game.h */,
				3E6E96E91511D28100626416 /* Game.m */,
				3E6E96EC1511D96D00626416 /* Player.h */,
				3E6E96ED1511D96D00626416 /* Player.m */,
				3E7593CA151147FA00C5F6E6 /* Supporting Files */,
			);
			path = castle;
			sourceTree = "<group>";
		};
		3E7593CA151147FA00C5F6E6 /* Supporting Files */ = {
			isa = PBXGroup;
			children = (
				3E7593CB151147FA00C5F6E6 /* castle-Info.plist */,
				3E7593CC151147FA00C5F6E6 /* InfoPlist.strings */,
				3E7593CF151147FA00C5F6E6 /* main.m */,
				3E7593D1151147FA00C5F6E6 /* castle-Prefix.pch */,
			);
			name = "Supporting Files";
			sourceTree = "<group>";
		};
		3E7593E1151147FA00C5F6E6 /* castleTests */ = {
			isa = PBXGroup;
			children = (
				3E7593E7151147FB00C5F6E6 /* castleTests.h */,
				3E7593E8151147FB00C5F6E6 /* castleTests.m */,
				3E7593E2151147FB00C5F6E6 /* Supporting Files */,
			);
			path = castleTests;
			sourceTree = "<group>";
		};
		3E7593E2151147FB00C5F6E6 /* Supporting Files */ = {
			isa = PBXGroup;
			children = (
				3E7593E3151147FB00C5F6E6 /* castleTests-Info.plist */,
				3E7593E4151147FB00C5F6E6 /* InfoPlist.strings */,
			);
			name = "Supporting Files";
			sourceTree = "<group>";
		};
		3E7593F215114D6B00C5F6E6 /* resources */ = {
			isa = PBXGroup;
			children = (
				3E7593F315114D6B00C5F6E6 /* characters */,
				3E7593FE15114D6B00C5F6E6 /* shield.png */,
				3E7593FF15114D6B00C5F6E6 /* sword.png */,
			);
			path = resources;
			sourceTree = "<group>";
		};
		3E7593F315114D6B00C5F6E6 /* characters */ = {
			isa = PBXGroup;
			children = (
				3E7593F415114D6B00C5F6E6 /* ava.jpg */,
				3E7593F515114D6B00C5F6E6 /* brother.jpg */,
				3E7593F615114D6B00C5F6E6 /* dimitri.jpg */,
				3E7593F715114D6B00C5F6E6 /* juan.jpg */,
				3E7593F815114D6B00C5F6E6 /* marie.jpg */,
				3E7593F915114D6B00C5F6E6 /* michel.jpg */,
				3E7593FA15114D6B00C5F6E6 /* romana.jpg */,
				3E7593FB15114D6B00C5F6E6 /* sarah.jpg */,
				3E7593FC15114D6B00C5F6E6 /* sir.jpg */,
				3E7593FD15114D6B00C5F6E6 /* theodora.jpg */,
			);
			path = characters;
			sourceTree = "<group>";
		};
		3E75940C15114D7000C5F6E6 /* text */ = {
			isa = PBXGroup;
			children = (
				3E75940D15114D7000C5F6E6 /* characters.json */,
				3E75940E15114D7000C5F6E6 /* items.json */,
				3E75940F15114D7000C5F6E6 /* professions.json */,
			);
			path = text;
			sourceTree = "<group>";
		};
		3E7594221511554E00C5F6E6 /* external */ = {
			isa = PBXGroup;
			children = (
				3EBB28431511ED68000236C3 /* iCarousel */,
				3E7594231511555400C5F6E6 /* JSONKit */,
			);
			name = external;
			sourceTree = "<group>";
		};
		3E7594231511555400C5F6E6 /* JSONKit */ = {
			isa = PBXGroup;
			children = (
				3E7594241511555400C5F6E6 /* CHANGELOG.md */,
				3E7594251511555400C5F6E6 /* JSONKit.h */,
				3E7594261511555400C5F6E6 /* JSONKit.m */,
				3E7594271511555400C5F6E6 /* README.md */,
			);
			name = JSONKit;
			path = external/JSONKit;
			sourceTree = "<group>";
		};
		3EBB28431511ED68000236C3 /* iCarousel */ = {
			isa = PBXGroup;
			children = (
				3EBB28441511ED68000236C3 /* iCarousel.h */,
				3EBB28451511ED68000236C3 /* iCarousel.m */,
			);
			name = iCarousel;
			path = external/iCarousel/iCarousel;
			sourceTree = "<group>";
		};
/* End PBXGroup section */

/* Begin PBXNativeTarget section */
		3E7593BE151147FA00C5F6E6 /* castle */ = {
			isa = PBXNativeTarget;
			buildConfigurationList = 3E7593EC151147FB00C5F6E6 /* Build configuration list for PBXNativeTarget "castle" */;
			buildPhases = (
				3E7593BB151147FA00C5F6E6 /* Sources */,
				3E7593BC151147FA00C5F6E6 /* Frameworks */,
				3E7593BD151147FA00C5F6E6 /* Resources */,
			);
			buildRules = (
			);
			dependencies = (
			);
			name = castle;
			productName = castle;
			productReference = 3E7593BF151147FA00C5F6E6 /* castle.app */;
			productType = "com.apple.product-type.application";
		};
		3E7593D9151147FA00C5F6E6 /* castleTests */ = {
			isa = PBXNativeTarget;
			buildConfigurationList = 3E7593EF151147FB00C5F6E6 /* Build configuration list for PBXNativeTarget "castleTests" */;
			buildPhases = (
				3E7593D5151147FA00C5F6E6 /* Sources */,
				3E7593D6151147FA00C5F6E6 /* Frameworks */,
				3E7593D7151147FA00C5F6E6 /* Resources */,
				3E7593D8151147FA00C5F6E6 /* ShellScript */,
			);
			buildRules = (
			);
			dependencies = (
				3E7593E0151147FA00C5F6E6 /* PBXTargetDependency */,
			);
			name = castleTests;
			productName = castleTests;
			productReference = 3E7593DA151147FA00C5F6E6 /* castleTests.octest */;
			productType = "com.apple.product-type.bundle";
		};
/* End PBXNativeTarget section */

/* Begin PBXProject section */
		3E7593B6151147FA00C5F6E6 /* Project object */ = {
			isa = PBXProject;
			attributes = {
				LastUpgradeCheck = 0440;
				ORGANIZATIONNAME = MIT;
			};
			buildConfigurationList = 3E7593B9151147FA00C5F6E6 /* Build configuration list for PBXProject "castle" */;
			compatibilityVersion = "Xcode 3.2";
			developmentRegion = English;
			hasScannedForEncodings = 0;
			knownRegions = (
				en,
			);
			mainGroup = 3E7593B4151147FA00C5F6E6;
			productRefGroup = 3E7593C0151147FA00C5F6E6 /* Products */;
			projectDirPath = "";
			projectRoot = "";
			targets = (
				3E7593BE151147FA00C5F6E6 /* castle */,
				3E7593D9151147FA00C5F6E6 /* castleTests */,
			);
		};
/* End PBXProject section */

/* Begin PBXResourcesBuildPhase section */
		3E7593BD151147FA00C5F6E6 /* Resources */ = {
			isa = PBXResourcesBuildPhase;
			buildActionMask = 2147483647;
			files = (
				3E7593CE151147FA00C5F6E6 /* InfoPlist.strings in Resources */,
				3E75940015114D6B00C5F6E6 /* ava.jpg in Resources */,
				3E75940115114D6B00C5F6E6 /* brother.jpg in Resources */,
				3E75940215114D6B00C5F6E6 /* dimitri.jpg in Resources */,
				3E75940315114D6B00C5F6E6 /* juan.jpg in Resources */,
				3E75940415114D6B00C5F6E6 /* marie.jpg in Resources */,
				3E75940515114D6B00C5F6E6 /* michel.jpg in Resources */,
				3E75940615114D6B00C5F6E6 /* romana.jpg in Resources */,
				3E75940715114D6B00C5F6E6 /* sarah.jpg in Resources */,
				3E75940815114D6B00C5F6E6 /* sir.jpg in Resources */,
				3E75940915114D6B00C5F6E6 /* theodora.jpg in Resources */,
				3E75940A15114D6B00C5F6E6 /* shield.png in Resources */,
				3E75940B15114D6B00C5F6E6 /* sword.png in Resources */,
				3E75941015114D7000C5F6E6 /* characters.json in Resources */,
				3E75941115114D7000C5F6E6 /* items.json in Resources */,
				3E75941215114D7000C5F6E6 /* professions.json in Resources */,
				3E7594281511555400C5F6E6 /* CHANGELOG.md in Resources */,
				3E75942A1511555400C5F6E6 /* README.md in Resources */,
			);
			runOnlyForDeploymentPostprocessing = 0;
		};
		3E7593D7151147FA00C5F6E6 /* Resources */ = {
			isa = PBXResourcesBuildPhase;
			buildActionMask = 2147483647;
			files = (
				3E7593E6151147FB00C5F6E6 /* InfoPlist.strings in Resources */,
			);
			runOnlyForDeploymentPostprocessing = 0;
		};
/* End PBXResourcesBuildPhase section */

/* Begin PBXShellScriptBuildPhase section */
		3E7593D8151147FA00C5F6E6 /* ShellScript */ = {
			isa = PBXShellScriptBuildPhase;
			buildActionMask = 2147483647;
			files = (
			);
			inputPaths = (
			);
			outputPaths = (
			);
			runOnlyForDeploymentPostprocessing = 0;
			shellPath = /bin/sh;
			shellScript = "# Run the unit tests in this test bundle.\n\"${SYSTEM_DEVELOPER_DIR}/Tools/RunUnitTests\"\n";
		};
/* End PBXShellScriptBuildPhase section */

/* Begin PBXSourcesBuildPhase section */
		3E7593BB151147FA00C5F6E6 /* Sources */ = {
			isa = PBXSourcesBuildPhase;
			buildActionMask = 2147483647;
			files = (
				3E7593D0151147FA00C5F6E6 /* main.m in Sources */,
				3E7593D4151147FA00C5F6E6 /* AppDelegate.m in Sources */,
				3E75941B15114E2100C5F6E6 /* DeckViewController.m in Sources */,
				3E75941E15114EDA00C5F6E6 /* Deck.m in Sources */,
				3E759421151151CA00C5F6E6 /* ItemDeck.m in Sources */,
				3E7594291511555400C5F6E6 /* JSONKit.m in Sources */,
				3E6E96EA1511D28100626416 /* Game.m in Sources */,
				3E6E96EE1511D96D00626416 /* Player.m in Sources */,
				3E6E96F11511DDC100626416 /* PlayerCountViewController.m in Sources */,
				3E6E96F41511DED000626416 /* UIView+Utilities.m in Sources */,
				3EBB28411511E79F000236C3 /* CharacterPickerViewController.m in Sources */,
				3EBB28461511ED68000236C3 /* iCarousel.m in Sources */,
				3ECEDF2E1512A9E900EC30E8 /* NSMutableArray+Shuffle.m in Sources */,
				3EEF1A5A151C470D006E1D8F /* ProfessionDeck.m in Sources */,
				3EEF1A5E151C4F1B006E1D8F /* TurnViewController.m in Sources */,
				3E0B9437151C61710086E62B /* ItemView.m in Sources */,
			);
			runOnlyForDeploymentPostprocessing = 0;
		};
		3E7593D5151147FA00C5F6E6 /* Sources */ = {
			isa = PBXSourcesBuildPhase;
			buildActionMask = 2147483647;
			files = (
				3E7593E9151147FB00C5F6E6 /* castleTests.m in Sources */,
			);
			runOnlyForDeploymentPostprocessing = 0;
		};
/* End PBXSourcesBuildPhase section */

/* Begin PBXTargetDependency section */
		3E7593E0151147FA00C5F6E6 /* PBXTargetDependency */ = {
			isa = PBXTargetDependency;
			target = 3E7593BE151147FA00C5F6E6 /* castle */;
			targetProxy = 3E7593DF151147FA00C5F6E6 /* PBXContainerItemProxy */;
		};
/* End PBXTargetDependency section */

/* Begin PBXVariantGroup section */
		3E7593CC151147FA00C5F6E6 /* InfoPlist.strings */ = {
			isa = PBXVariantGroup;
			children = (
				3E7593CD151147FA00C5F6E6 /* en */,
			);
			name = InfoPlist.strings;
			sourceTree = "<group>";
		};
		3E7593E4151147FB00C5F6E6 /* InfoPlist.strings */ = {
			isa = PBXVariantGroup;
			children = (
				3E7593E5151147FB00C5F6E6 /* en */,
			);
			name = InfoPlist.strings;
			sourceTree = "<group>";
		};
/* End PBXVariantGroup section */

/* Begin XCBuildConfiguration section */
		3E7593EA151147FB00C5F6E6 /* Debug */ = {
			isa = XCBuildConfiguration;
			buildSettings = {
				ALWAYS_SEARCH_USER_PATHS = NO;
				ARCHS = "$(ARCHS_STANDARD_32_BIT)";
				CLANG_ENABLE_OBJC_ARC = YES;
				"CODE_SIGN_IDENTITY[sdk=iphoneos*]" = "iPhone Developer: Ethan Sherbondy (UG8HH4F953)";
				COPY_PHASE_STRIP = NO;
				GCC_C_LANGUAGE_STANDARD = gnu99;
				GCC_DYNAMIC_NO_PIC = NO;
				GCC_OPTIMIZATION_LEVEL = 0;
				GCC_PREPROCESSOR_DEFINITIONS = (
					"DEBUG=1",
					"$(inherited)",
				);
				GCC_SYMBOLS_PRIVATE_EXTERN = NO;
				GCC_VERSION = com.apple.compilers.llvm.clang.1_0;
				GCC_WARN_ABOUT_RETURN_TYPE = YES;
				GCC_WARN_UNINITIALIZED_AUTOS = YES;
				GCC_WARN_UNUSED_VARIABLE = YES;
				IPHONEOS_DEPLOYMENT_TARGET = 5.0;
				"PROVISIONING_PROFILE[sdk=iphoneos*]" = "1A77AFF3-A35F-4600-9B95-8093673FF202";
				SDKROOT = iphoneos;
				TARGETED_DEVICE_FAMILY = "1,2";
			};
			name = Debug;
		};
		3E7593EB151147FB00C5F6E6 /* Release */ = {
			isa = XCBuildConfiguration;
			buildSettings = {
				ALWAYS_SEARCH_USER_PATHS = NO;
				ARCHS = "$(ARCHS_STANDARD_32_BIT)";
				CLANG_ENABLE_OBJC_ARC = YES;
				"CODE_SIGN_IDENTITY[sdk=iphoneos*]" = "iPhone Distribution";
				COPY_PHASE_STRIP = YES;
				GCC_C_LANGUAGE_STANDARD = gnu99;
				GCC_VERSION = com.apple.compilers.llvm.clang.1_0;
				GCC_WARN_ABOUT_RETURN_TYPE = YES;
				GCC_WARN_UNINITIALIZED_AUTOS = YES;
				GCC_WARN_UNUSED_VARIABLE = YES;
				IPHONEOS_DEPLOYMENT_TARGET = 5.0;
				OTHER_CFLAGS = "-DNS_BLOCK_ASSERTIONS=1";
				"PROVISIONING_PROFILE[sdk=iphoneos*]" = "";
				SDKROOT = iphoneos;
				TARGETED_DEVICE_FAMILY = "1,2";
				VALIDATE_PRODUCT = YES;
			};
			name = Release;
		};
		3E7593ED151147FB00C5F6E6 /* Debug */ = {
			isa = XCBuildConfiguration;
			buildSettings = {
				CODE_SIGN_ENTITLEMENTS = castle/castle.entitlements;
				GCC_PRECOMPILE_PREFIX_HEADER = YES;
				GCC_PREFIX_HEADER = "castle/castle-Prefix.pch";
				INFOPLIST_FILE = "castle/castle-Info.plist";
				PRODUCT_NAME = "$(TARGET_NAME)";
				WRAPPER_EXTENSION = app;
			};
			name = Debug;
		};
		3E7593EE151147FB00C5F6E6 /* Release */ = {
			isa = XCBuildConfiguration;
			buildSettings = {
				GCC_PRECOMPILE_PREFIX_HEADER = YES;
				GCC_PREFIX_HEADER = "castle/castle-Prefix.pch";
				INFOPLIST_FILE = "castle/castle-Info.plist";
				PRODUCT_NAME = "$(TARGET_NAME)";
				WRAPPER_EXTENSION = app;
			};
			name = Release;
		};
		3E7593F0151147FB00C5F6E6 /* Debug */ = {
			isa = XCBuildConfiguration;
			buildSettings = {
				BUNDLE_LOADER = "$(BUILT_PRODUCTS_DIR)/castle.app/castle";
				FRAMEWORK_SEARCH_PATHS = (
					"$(SDKROOT)/Developer/Library/Frameworks",
					"$(DEVELOPER_LIBRARY_DIR)/Frameworks",
				);
				GCC_PRECOMPILE_PREFIX_HEADER = YES;
				GCC_PREFIX_HEADER = "castle/castle-Prefix.pch";
				INFOPLIST_FILE = "castleTests/castleTests-Info.plist";
				PRODUCT_NAME = "$(TARGET_NAME)";
				TEST_HOST = "$(BUNDLE_LOADER)";
				WRAPPER_EXTENSION = octest;
			};
			name = Debug;
		};
		3E7593F1151147FB00C5F6E6 /* Release */ = {
			isa = XCBuildConfiguration;
			buildSettings = {
				BUNDLE_LOADER = "$(BUILT_PRODUCTS_DIR)/castle.app/castle";
				FRAMEWORK_SEARCH_PATHS = (
					"$(SDKROOT)/Developer/Library/Frameworks",
					"$(DEVELOPER_LIBRARY_DIR)/Frameworks",
				);
				GCC_PRECOMPILE_PREFIX_HEADER = YES;
				GCC_PREFIX_HEADER = "castle/castle-Prefix.pch";
				INFOPLIST_FILE = "castleTests/castleTests-Info.plist";
				PRODUCT_NAME = "$(TARGET_NAME)";
				TEST_HOST = "$(BUNDLE_LOADER)";
				WRAPPER_EXTENSION = octest;
			};
			name = Release;
		};
/* End XCBuildConfiguration section */

/* Begin XCConfigurationList section */
		3E7593B9151147FA00C5F6E6 /* Build configuration list for PBXProject "castle" */ = {
			isa = XCConfigurationList;
			buildConfigurations = (
				3E7593EA151147FB00C5F6E6 /* Debug */,
				3E7593EB151147FB00C5F6E6 /* Release */,
			);
			defaultConfigurationIsVisible = 0;
			defaultConfigurationName = Release;
		};
		3E7593EC151147FB00C5F6E6 /* Build configuration list for PBXNativeTarget "castle" */ = {
			isa = XCConfigurationList;
			buildConfigurations = (
				3E7593ED151147FB00C5F6E6 /* Debug */,
				3E7593EE151147FB00C5F6E6 /* Release */,
			);
			defaultConfigurationIsVisible = 0;
			defaultConfigurationName = Release;
		};
		3E7593EF151147FB00C5F6E6 /* Build configuration list for PBXNativeTarget "castleTests" */ = {
			isa = XCConfigurationList;
			buildConfigurations = (
				3E7593F0151147FB00C5F6E6 /* Debug */,
				3E7593F1151147FB00C5F6E6 /* Release */,
			);
			defaultConfigurationIsVisible = 0;
			defaultConfigurationName = Release;
		};
/* End XCConfigurationList section */
	};
	rootObject = 3E7593B6151147FA00C5F6E6 /* Project object */;
}
